
Microsoft Visual Studio Solution File, Format Version 12.00
# Visual Studio Version 17
VisualStudioVersion = 17.9.34622.214
MinimumVisualStudioVersion = 10.0.40219.1
Project("{9A19103F-16F7-4668-BE54-9A1E7A4F7556}") = "TradingOrchidAPI", "TradingOrchid\TradingOrchidAPI.csproj", "{7A66288E-AAA1-4BA4-9E41-9BE76C981A6A}"
EndProject
Project("{9A19103F-16F7-4668-BE54-9A1E7A4F7556}") = "Application", "Application\Application.csproj", "{24B4E385-CFF7-49C5-8C36-A32CF2281E1C}"
EndProject
Project("{9A19103F-16F7-4668-BE54-9A1E7A4F7556}") = "Domain", "Domain\Domain.csproj", "{0FE7C5BA-88F3-464E-AD37-915E83264CF6}"
EndProject
Project("{9A19103F-16F7-4668-BE54-9A1E7A4F7556}") = "Data", "Infrastructure\Data.csproj", "{4904021E-9C20-497B-A82C-C26D2460F588}"
EndProject
Project("{FAE04EC0-301F-11D3-BF4B-00C04F79EFBC}") = "TradingOrchidUI", "TradingOrchidUI\TradingOrchidUI.csproj", "{AB1B088B-D01A-4C25-AA5D-1CF321555CBF}"
EndProject
Global
	GlobalSection(SolutionConfigurationPlatforms) = preSolution
		Debug|Any CPU = Debug|Any CPU
		Release|Any CPU = Release|Any CPU
	EndGlobalSection
	GlobalSection(ProjectConfigurationPlatforms) = postSolution
		{7A66288E-AAA1-4BA4-9E41-9BE76C981A6A}.Debug|Any CPU.ActiveCfg = Debug|Any CPU
		{7A66288E-AAA1-4BA4-9E41-9BE76C981A6A}.Debug|Any CPU.Build.0 = Debug|Any CPU
		{7A66288E-AAA1-4BA4-9E41-9BE76C981A6A}.Release|Any CPU.ActiveCfg = Release|Any CPU
		{7A66288E-AAA1-4BA4-9E41-9BE76C981A6A}.Release|Any CPU.Build.0 = Release|Any CPU
		{24B4E385-CFF7-49C5-8C36-A32CF2281E1C}.Debug|Any CPU.ActiveCfg = Debug|Any CPU
		{24B4E385-CFF7-49C5-8C36-A32CF2281E1C}.Debug|Any CPU.Build.0 = Debug|Any CPU
		{24B4E385-CFF7-49C5-8C36-A32CF2281E1C}.Release|Any CPU.ActiveCfg = Release|Any CPU
		{24B4E385-CFF7-49C5-8C36-A32CF2281E1C}.Release|Any CPU.Build.0 = Release|Any CPU
		{0FE7C5BA-88F3-464E-AD37-915E83264CF6}.Debug|Any CPU.ActiveCfg = Debug|Any CPU
		{0FE7C5BA-88F3-464E-AD37-915E83264CF6}.Debug|Any CPU.Build.0 = Debug|Any CPU
		{0FE7C5BA-88F3-464E-AD37-915E83264CF6}.Release|Any CPU.ActiveCfg = Release|Any CPU
		{0FE7C5BA-88F3-464E-AD37-915E83264CF6}.Release|Any CPU.Build.0 = Release|Any CPU
		{4904021E-9C20-497B-A82C-C26D2460F588}.Debug|Any CPU.ActiveCfg = Debug|Any CPU
		{4904021E-9C20-497B-A82C-C26D2460F588}.Debug|Any CPU.Build.0 = Debug|Any CPU
		{4904021E-9C20-497B-A82C-C26D2460F588}.Release|Any CPU.ActiveCfg = Release|Any CPU
		{4904021E-9C20-497B-A82C-C26D2460F588}.Release|Any CPU.Build.0 = Release|Any CPU
		{AB1B088B-D01A-4C25-AA5D-1CF321555CBF}.Debug|Any CPU.ActiveCfg = Debug|Any CPU
		{AB1B088B-D01A-4C25-AA5D-1CF321555CBF}.Debug|Any CPU.Build.0 = Debug|Any CPU
		{AB1B088B-D01A-4C25-AA5D-1CF321555CBF}.Release|Any CPU.ActiveCfg = Release|Any CPU
		{AB1B088B-D01A-4C25-AA5D-1CF321555CBF}.Release|Any CPU.Build.0 = Release|Any CPU
	EndGlobalSection
	GlobalSection(SolutionProperties) = preSolution
		HideSolutionNode = FALSE
	EndGlobalSection
	GlobalSection(ExtensibilityGlobals) = postSolution
		SolutionGuid = {46DBF873-3669-4AD8-B808-A600EE9AB5B5}
	EndGlobalSection
EndGlobal
